# This file is automatically @generated by Cargo.
# It is not intended for manual editing.
version = 4

[[package]]
name = "holonomy"
version = "3.0.0-singularity"
dependencies = [
 "holonomy-assets",
 "holonomy-container",
 "holonomy-crypto",
 "holonomy-display",
 "holonomy-export",
 "holonomy-geometry",
 "holonomy-input",
 "holonomy-jail",
 "holonomy-render",
 "holonomy-secure",
 "holonomy-text",
]

[[package]]
name = "holonomy-assets"
version = "3.0.0-singularity"
dependencies = [
 "holonomy-jail",
]

[[package]]
name = "holonomy-container"
version = "3.0.0-singularity"
dependencies = [
 "holonomy-jail",
]

[[package]]
name = "holonomy-crypto"
version = "3.0.0-singularity"
dependencies = [
 "holonomy-jail",
 "libc",
]

[[package]]
name = "holonomy-display"
version = "3.0.0-singularity"
dependencies = [
 "holonomy-jail",
]

[[package]]
name = "holonomy-export"
version = "3.0.0-singularity"
dependencies = [
 "holonomy-jail",
]

[[package]]
name = "holonomy-geometry"
version = "3.0.0-singularity"
dependencies = [
 "holonomy-jail",
]

[[package]]
name = "holonomy-input"
version = "3.0.0-singularity"
dependencies = [
 "holonomy-jail",
]

[[package]]
name = "holonomy-jail"
version = "3.0.0-singularity"

[[package]]
name = "holonomy-render"
version = "3.0.0-singularity"
dependencies = [
 "holonomy-jail",
]

[[package]]
name = "holonomy-secure"
version = "3.0.0-singularity"
dependencies = [
 "holonomy-jail",
 "libc",
 "zeroize",
]

[[package]]
name = "holonomy-text"
version = "3.0.0-singularity"
dependencies = [
 "holonomy-jail",
]

[[package]]
name = "libc"
version = "0.2.190"
source = "registry+https://github.com/rust-lang/crates.io-index"
checksum = "ce5d3ddc6d3fa000eb1536d85e147bfe31aacaba692ed6a876f95cb7c855be78"

[[package]]
name = "zeroize"
version = "1.9.0"
source = "registry+https://github.com/rust-lang/crates.io-index"
checksum = "e13c156562582aa81c60cb29407084cdb54c4164760106ab78e6c5b0858cf64e"
