# This file is automatically @generated by Cargo.
# It is not intended for manual editing.
version = 4

[[package]]
name = "holonomy"
version = "3.0.0-singularity"
dependencies = [
 "holonomy-assets",
 "holonomy-container",
 "holonomy-crypto",
 "holonomy-display",
 "holonomy-export",
 "holonomy-geometry",
 "holonomy-input",
 "holonomy-jail",
 "holonomy-render",
 "holonomy-secure",
 "holonomy-text",
]

[[package]]
name = "holonomy-assets"
version = "3.0.0-singularity"
dependencies = [
 "holonomy-jail",
]

[[package]]
name = "holonomy-container"
version = "3.0.0-singularity"
dependencies = [
 "holonomy-jail",
]

[[package]]
name = "holonomy-crypto"
version = "3.0.0-singularity"
dependencies = [
 "holonomy-jail",
]

[[package]]
name = "holonomy-display"
version = "3.0.0-singularity"
dependencies = [
 "holonomy-jail",
]

[[package]]
name = "holonomy-export"
version = "3.0.0-singularity"
dependencies = [
 "holonomy-jail",
]

[[package]]
name = "holonomy-geometry"
version = "3.0.0-singularity"
dependencies = [
 "holonomy-jail",
]

[[package]]
name = "holonomy-input"
version = "3.0.0-singularity"
dependencies = [
 "holonomy-jail",
]

[[package]]
name = "holonomy-jail"
version = "3.0.0-singularity"

[[package]]
name = "holonomy-render"
version = "3.0.0-singularity"
dependencies = [
 "holonomy-jail",
]

[[package]]
name = "holonomy-secure"
version = "3.0.0-singularity"
dependencies = [
 "holonomy-jail",
]

[[package]]
name = "holonomy-text"
version = "3.0.0-singularity"
dependencies = [
 "holonomy-jail",
]
